
Microsoft Visual Studio Solution File, Format Version 12.00
# Visual Studio 14
VisualStudioVersion = 14.0.25420.1
MinimumVisualStudioVersion = 10.0.40219.1
Project("{2150E333-8FDC-42A3-9474-1A3956D46DE8}") = "src", "src", "{1798678C-F2EA-4D0F-AF96-295531D594CC}"
EndProject
Project("{2150E333-8FDC-42A3-9474-1A3956D46DE8}") = "Solution Items", "Solution Items", "{D922016A-AA0E-4FE2-9A8A-8BBF85C0C330}"
	ProjectSection(SolutionItems) = preProject
		global.json = global.json
	EndProjectSection
EndProject
Project("{8BB2217D-0F2D-49D1-97BC-3654ED321F3B}") = "WebApplication1", "src\WebApplication1\WebApplication1.xproj", "{E1ED0D37-4089-44B1-83BD-BF2FDF881B61}"
EndProject
Project("{2150E333-8FDC-42A3-9474-1A3956D46DE8}") = "1 - Presentation", "1 - Presentation", "{EFF9E609-7288-47AC-9756-D46CAEC7960E}"
EndProject
Project("{8BB2217D-0F2D-49D1-97BC-3654ED321F3B}") = "Ecommerce.Web", "src\Ecommerce.Web\Ecommerce.Web.xproj", "{268977CE-17E5-409A-9B91-5E222B223F14}"
EndProject
Global
	GlobalSection(SolutionConfigurationPlatforms) = preSolution
		Debug|Any CPU = Debug|Any CPU
		Release|Any CPU = Release|Any CPU
	EndGlobalSection
	GlobalSection(ProjectConfigurationPlatforms) = postSolution
		{E1ED0D37-4089-44B1-83BD-BF2FDF881B61}.Debug|Any CPU.ActiveCfg = Debug|Any CPU
		{E1ED0D37-4089-44B1-83BD-BF2FDF881B61}.Debug|Any CPU.Build.0 = Debug|Any CPU
		{E1ED0D37-4089-44B1-83BD-BF2FDF881B61}.Release|Any CPU.ActiveCfg = Release|Any CPU
		{E1ED0D37-4089-44B1-83BD-BF2FDF881B61}.Release|Any CPU.Build.0 = Release|Any CPU
		{268977CE-17E5-409A-9B91-5E222B223F14}.Debug|Any CPU.ActiveCfg = Debug|Any CPU
		{268977CE-17E5-409A-9B91-5E222B223F14}.Debug|Any CPU.Build.0 = Debug|Any CPU
		{268977CE-17E5-409A-9B91-5E222B223F14}.Release|Any CPU.ActiveCfg = Release|Any CPU
		{268977CE-17E5-409A-9B91-5E222B223F14}.Release|Any CPU.Build.0 = Release|Any CPU
	EndGlobalSection
	GlobalSection(SolutionProperties) = preSolution
		HideSolutionNode = FALSE
	EndGlobalSection
	GlobalSection(NestedProjects) = preSolution
		{E1ED0D37-4089-44B1-83BD-BF2FDF881B61} = {1798678C-F2EA-4D0F-AF96-295531D594CC}
		{EFF9E609-7288-47AC-9756-D46CAEC7960E} = {1798678C-F2EA-4D0F-AF96-295531D594CC}
		{268977CE-17E5-409A-9B91-5E222B223F14} = {EFF9E609-7288-47AC-9756-D46CAEC7960E}
	EndGlobalSection
EndGlobal
